// !$*UTF8*$!
{
	archiveVersion = 1;
	classes = {
	};
	objectVersion = 55;
	objects = {

/* Begin PBXBuildFile section */
		80069493277C3CFF001458F2 /* swiftui_dictionaryApp.swift in Sources */ = {isa = PBXBuildFile; fileRef = 80069492277C3CFF001458F2 /* swiftui_dictionaryApp.swift */; };
		80069495277C3CFF001458F2 /* ContentView.swift in Sources */ = {isa = PBXBuildFile; fileRef = 80069494277C3CFF001458F2 /* ContentView.swift */; };
		80069497277C3D02001458F2 /* Assets.xcassets in Resources */ = {isa = PBXBuildFile; fileRef = 80069496277C3D02001458F2 /* Assets.xcassets */; };
		8006949A277C3D02001458F2 /* Preview Assets.xcassets in Resources */ = {isa = PBXBuildFile; fileRef = 80069499277C3D02001458F2 /* Preview Assets.xcassets */; };
		800694A1277C3F31001458F2 /* SyncColumnWidthSample.swift in Sources */ = {isa = PBXBuildFile; fileRef = 800694A0277C3F31001458F2 /* SyncColumnWidthSample.swift */; };
		800694A3277C4AC9001458F2 /* GeometryPreferenceSample.swift in Sources */ = {isa = PBXBuildFile; fileRef = 800694A2277C4AC9001458F2 /* GeometryPreferenceSample.swift */; };
		800694A5277C4BB2001458F2 /* AnchorPreferenceSample.swift in Sources */ = {isa = PBXBuildFile; fileRef = 800694A4277C4BB2001458F2 /* AnchorPreferenceSample.swift */; };
		800694A7277C4C83001458F2 /* NestedViewPreferenceSample.swift in Sources */ = {isa = PBXBuildFile; fileRef = 800694A6277C4C83001458F2 /* NestedViewPreferenceSample.swift */; };
		80EE43412782E73D00D9C6D1 /* TrackableScrollViewSample.swift in Sources */ = {isa = PBXBuildFile; fileRef = 80EE43402782E73D00D9C6D1 /* TrackableScrollViewSample.swift */; };
		80EE43432782E75100D9C6D1 /* VisualEffectBlur.swift in Sources */ = {isa = PBXBuildFile; fileRef = 80EE43422782E75100D9C6D1 /* VisualEffectBlur.swift */; };
		80EE43452782EA5000D9C6D1 /* AccountBackground.swift in Sources */ = {isa = PBXBuildFile; fileRef = 80EE43442782EA5000D9C6D1 /* AccountBackground.swift */; };
		80EE434A27897D1F00D9C6D1 /* TabbedFeaturedItems.swift in Sources */ = {isa = PBXBuildFile; fileRef = 80EE434927897D1F00D9C6D1 /* TabbedFeaturedItems.swift */; };
		80EE434C27897ECD00D9C6D1 /* Rotation3DEffectTab.swift in Sources */ = {isa = PBXBuildFile; fileRef = 80EE434B27897ECD00D9C6D1 /* Rotation3DEffectTab.swift */; };
		80EE434F2789869B00D9C6D1 /* DragGestureBasic.swift in Sources */ = {isa = PBXBuildFile; fileRef = 80EE434E2789869B00D9C6D1 /* DragGestureBasic.swift */; };
		80EE435127898D9B00D9C6D1 /* DragGestureAutoPositionChange.swift in Sources */ = {isa = PBXBuildFile; fileRef = 80EE435027898D9B00D9C6D1 /* DragGestureAutoPositionChange.swift */; };
		80EE43542789933600D9C6D1 /* SetPositionToCenterExample.swift in Sources */ = {isa = PBXBuildFile; fileRef = 80EE43532789933600D9C6D1 /* SetPositionToCenterExample.swift */; };
		80EE4356278A9F2900D9C6D1 /* PositionChangeExample.swift in Sources */ = {isa = PBXBuildFile; fileRef = 80EE4355278A9F2800D9C6D1 /* PositionChangeExample.swift */; };
		80EE4358278AC50E00D9C6D1 /* DashedLineSample.swift in Sources */ = {isa = PBXBuildFile; fileRef = 80EE4357278AC50E00D9C6D1 /* DashedLineSample.swift */; };
		80F1A532278E919F00FAF56D /* StackLayoutSample.swift in Sources */ = {isa = PBXBuildFile; fileRef = 80F1A531278E919F00FAF56D /* StackLayoutSample.swift */; };
		80F1A534278E99C800FAF56D /* LeaningCardSample.swift in Sources */ = {isa = PBXBuildFile; fileRef = 80F1A533278E99C800FAF56D /* LeaningCardSample.swift */; };
		80F1A538278E9B8600FAF56D /* LeaningStackSample.swift in Sources */ = {isa = PBXBuildFile; fileRef = 80F1A537278E9B8600FAF56D /* LeaningStackSample.swift */; };
		80F1A53A278E9E3300FAF56D /* StackCardsAnimationSample.swift in Sources */ = {isa = PBXBuildFile; fileRef = 80F1A539278E9E3300FAF56D /* StackCardsAnimationSample.swift */; };
		80F1A53C278EA29000FAF56D /* AnimationUpdateSample.swift in Sources */ = {isa = PBXBuildFile; fileRef = 80F1A53B278EA29000FAF56D /* AnimationUpdateSample.swift */; };
		80F1A53E278EB03F00FAF56D /* StackCardsAnimationAndDragGestureSample.swift in Sources */ = {isa = PBXBuildFile; fileRef = 80F1A53D278EB03F00FAF56D /* StackCardsAnimationAndDragGestureSample.swift */; };
		90AAC19B27866F3F000110E4 /* Course.swift in Sources */ = {isa = PBXBuildFile; fileRef = 90AAC19A27866F3F000110E4 /* Course.swift */; };
		90AAC19D27866FEA000110E4 /* FeaturedItem.swift in Sources */ = {isa = PBXBuildFile; fileRef = 90AAC19C27866FEA000110E4 /* FeaturedItem.swift */; };
/* End PBXBuildFile section */

/* Begin PBXFileReference section */
		8006948F277C3CFF001458F2 /* swiftui-dictionary.app */ = {isa = PBXFileReference; explicitFileType = wrapper.application; includeInIndex = 0; path = "swiftui-dictionary.app"; sourceTree = BUILT_PRODUCTS_DIR; };
		80069492277C3CFF001458F2 /* swiftui_dictionaryApp.swift */ = {isa = PBXFileReference; lastKnownFileType = sourcecode.swift; path = swiftui_dictionaryApp.swift; sourceTree = "<group>"; };
		80069494277C3CFF001458F2 /* ContentView.swift */ = {isa = PBXFileReference; lastKnownFileType = sourcecode.swift; path = ContentView.swift; sourceTree = "<group>"; };
		80069496277C3D02001458F2 /* Assets.xcassets */ = {isa = PBXFileReference; lastKnownFileType = folder.assetcatalog; path = Assets.xcassets; sourceTree = "<group>"; };
		80069499277C3D02001458F2 /* Preview Assets.xcassets */ = {isa = PBXFileReference; lastKnownFileType = folder.assetcatalog; path = "Preview Assets.xcassets"; sourceTree = "<group>"; };
		800694A0277C3F31001458F2 /* SyncColumnWidthSample.swift */ = {isa = PBXFileReference; lastKnownFileType = sourcecode.swift; path = SyncColumnWidthSample.swift; sourceTree = "<group>"; };
		800694A2277C4AC9001458F2 /* GeometryPreferenceSample.swift */ = {isa = PBXFileReference; lastKnownFileType = sourcecode.swift; path = GeometryPreferenceSample.swift; sourceTree = "<group>"; };
		800694A4277C4BB2001458F2 /* AnchorPreferenceSample.swift */ = {isa = PBXFileReference; lastKnownFileType = sourcecode.swift; path = AnchorPreferenceSample.swift; sourceTree = "<group>"; };
		800694A6277C4C83001458F2 /* NestedViewPreferenceSample.swift */ = {isa = PBXFileReference; lastKnownFileType = sourcecode.swift; path = NestedViewPreferenceSample.swift; sourceTree = "<group>"; };
		80EE43402782E73D00D9C6D1 /* TrackableScrollViewSample.swift */ = {isa = PBXFileReference; lastKnownFileType = sourcecode.swift; path = TrackableScrollViewSample.swift; sourceTree = "<group>"; };
		80EE43422782E75100D9C6D1 /* VisualEffectBlur.swift */ = {isa = PBXFileReference; lastKnownFileType = sourcecode.swift; path = VisualEffectBlur.swift; sourceTree = "<group>"; };
		80EE43442782EA5000D9C6D1 /* AccountBackground.swift */ = {isa = PBXFileReference; lastKnownFileType = sourcecode.swift; path = AccountBackground.swift; sourceTree = "<group>"; };
		80EE434927897D1F00D9C6D1 /* TabbedFeaturedItems.swift */ = {isa = PBXFileReference; lastKnownFileType = sourcecode.swift; path = TabbedFeaturedItems.swift; sourceTree = "<group>"; };
		80EE434B27897ECD00D9C6D1 /* Rotation3DEffectTab.swift */ = {isa = PBXFileReference; lastKnownFileType = sourcecode.swift; path = Rotation3DEffectTab.swift; sourceTree = "<group>"; };
		80EE434E2789869B00D9C6D1 /* DragGestureBasic.swift */ = {isa = PBXFileReference; lastKnownFileType = sourcecode.swift; path = DragGestureBasic.swift; sourceTree = "<group>"; };
		80EE435027898D9B00D9C6D1 /* DragGestureAutoPositionChange.swift */ = {isa = PBXFileReference; lastKnownFileType = sourcecode.swift; path = DragGestureAutoPositionChange.swift; sourceTree = "<group>"; };
		80EE43532789933600D9C6D1 /* SetPositionToCenterExample.swift */ = {isa = PBXFileReference; lastKnownFileType = sourcecode.swift; path = SetPositionToCenterExample.swift; sourceTree = "<group>"; };
		80EE4355278A9F2800D9C6D1 /* PositionChangeExample.swift */ = {isa = PBXFileReference; lastKnownFileType = sourcecode.swift; path = PositionChangeExample.swift; sourceTree = "<group>"; };
		80EE4357278AC50E00D9C6D1 /* DashedLineSample.swift */ = {isa = PBXFileReference; lastKnownFileType = sourcecode.swift; path = DashedLineSample.swift; sourceTree = "<group>"; };
		80F1A531278E919F00FAF56D /* StackLayoutSample.swift */ = {isa = PBXFileReference; lastKnownFileType = sourcecode.swift; path = StackLayoutSample.swift; sourceTree = "<group>"; };
		80F1A533278E99C800FAF56D /* LeaningCardSample.swift */ = {isa = PBXFileReference; lastKnownFileType = sourcecode.swift; path = LeaningCardSample.swift; sourceTree = "<group>"; };
		80F1A537278E9B8600FAF56D /* LeaningStackSample.swift */ = {isa = PBXFileReference; lastKnownFileType = sourcecode.swift; path = LeaningStackSample.swift; sourceTree = "<group>"; };
		80F1A539278E9E3300FAF56D /* StackCardsAnimationSample.swift */ = {isa = PBXFileReference; lastKnownFileType = sourcecode.swift; path = StackCardsAnimationSample.swift; sourceTree = "<group>"; };
		80F1A53B278EA29000FAF56D /* AnimationUpdateSample.swift */ = {isa = PBXFileReference; lastKnownFileType = sourcecode.swift; path = AnimationUpdateSample.swift; sourceTree = "<group>"; };
		80F1A53D278EB03F00FAF56D /* StackCardsAnimationAndDragGestureSample.swift */ = {isa = PBXFileReference; lastKnownFileType = sourcecode.swift; path = StackCardsAnimationAndDragGestureSample.swift; sourceTree = "<group>"; };
		90AAC19A27866F3F000110E4 /* Course.swift */ = {isa = PBXFileReference; lastKnownFileType = sourcecode.swift; path = Course.swift; sourceTree = "<group>"; };
		90AAC19C27866FEA000110E4 /* FeaturedItem.swift */ = {isa = PBXFileReference; lastKnownFileType = sourcecode.swift; path = FeaturedItem.swift; sourceTree = "<group>"; };
/* End PBXFileReference section */

/* Begin PBXFrameworksBuildPhase section */
		8006948C277C3CFF001458F2 /* Frameworks */ = {
			isa = PBXFrameworksBuildPhase;
			buildActionMask = 2147483647;
			files = (
			);
			runOnlyForDeploymentPostprocessing = 0;
		};
/* End PBXFrameworksBuildPhase section */

/* Begin PBXGroup section */
		80069486277C3CFF001458F2 = {
			isa = PBXGroup;
			children = (
				80069491277C3CFF001458F2 /* swiftui-dictionary */,
				80069490277C3CFF001458F2 /* Products */,
			);
			sourceTree = "<group>";
		};
		80069490277C3CFF001458F2 /* Products */ = {
			isa = PBXGroup;
			children = (
				8006948F277C3CFF001458F2 /* swiftui-dictionary.app */,
			);
			name = Products;
			sourceTree = "<group>";
		};
		80069491277C3CFF001458F2 /* swiftui-dictionary */ = {
			isa = PBXGroup;
			children = (
				80069492277C3CFF001458F2 /* swiftui_dictionaryApp.swift */,
				80069494277C3CFF001458F2 /* ContentView.swift */,
				80EE4357278AC50E00D9C6D1 /* DashedLineSample.swift */,
				80EE4352278992B800D9C6D1 /* GeometryReaderSamples */,
				80EE433F2782E71D00D9C6D1 /* TrackableScroll */,
				90AAC19927866EBD000110E4 /* design-code-samples */,
				80EE434D2789868600D9C6D1 /* DragGestureSamples */,
				80F1A530278E901800FAF56D /* StackLayoutCards */,
				80069496277C3D02001458F2 /* Assets.xcassets */,
				80069498277C3D02001458F2 /* Preview Content */,
			);
			path = "swiftui-dictionary";
			sourceTree = "<group>";
		};
		80069498277C3D02001458F2 /* Preview Content */ = {
			isa = PBXGroup;
			children = (
				80069499277C3D02001458F2 /* Preview Assets.xcassets */,
			);
			path = "Preview Content";
			sourceTree = "<group>";
		};
		80EE433F2782E71D00D9C6D1 /* TrackableScroll */ = {
			isa = PBXGroup;
			children = (
				80EE43402782E73D00D9C6D1 /* TrackableScrollViewSample.swift */,
				80EE43442782EA5000D9C6D1 /* AccountBackground.swift */,
				80EE43422782E75100D9C6D1 /* VisualEffectBlur.swift */,
			);
			path = TrackableScroll;
			sourceTree = "<group>";
		};
		80EE434D2789868600D9C6D1 /* DragGestureSamples */ = {
			isa = PBXGroup;
			children = (
				80EE434E2789869B00D9C6D1 /* DragGestureBasic.swift */,
				80EE435027898D9B00D9C6D1 /* DragGestureAutoPositionChange.swift */,
			);
			path = DragGestureSamples;
			sourceTree = "<group>";
		};
		80EE4352278992B800D9C6D1 /* GeometryReaderSamples */ = {
			isa = PBXGroup;
			children = (
				800694A0277C3F31001458F2 /* SyncColumnWidthSample.swift */,
				800694A2277C4AC9001458F2 /* GeometryPreferenceSample.swift */,
				800694A4277C4BB2001458F2 /* AnchorPreferenceSample.swift */,
				800694A6277C4C83001458F2 /* NestedViewPreferenceSample.swift */,
				80EE43532789933600D9C6D1 /* SetPositionToCenterExample.swift */,
				80EE4355278A9F2800D9C6D1 /* PositionChangeExample.swift */,
			);
			path = GeometryReaderSamples;
			sourceTree = "<group>";
		};
		80F1A530278E901800FAF56D /* StackLayoutCards */ = {
			isa = PBXGroup;
			children = (
				80F1A533278E99C800FAF56D /* LeaningCardSample.swift */,
				80F1A531278E919F00FAF56D /* StackLayoutSample.swift */,
				80F1A537278E9B8600FAF56D /* LeaningStackSample.swift */,
				80F1A539278E9E3300FAF56D /* StackCardsAnimationSample.swift */,
				80F1A53D278EB03F00FAF56D /* StackCardsAnimationAndDragGestureSample.swift */,
				80F1A53B278EA29000FAF56D /* AnimationUpdateSample.swift */,
			);
			path = StackLayoutCards;
			sourceTree = "<group>";
		};
		90AAC19927866EBD000110E4 /* design-code-samples */ = {
			isa = PBXGroup;
			children = (
				90AAC19E27866FF2000110E4 /* Model */,
				90AAC19F27866FFA000110E4 /* Views */,
			);
			path = "design-code-samples";
			sourceTree = "<group>";
		};
		90AAC19E27866FF2000110E4 /* Model */ = {
			isa = PBXGroup;
			children = (
				90AAC19A27866F3F000110E4 /* Course.swift */,
			);
			path = Model;
			sourceTree = "<group>";
		};
		90AAC19F27866FFA000110E4 /* Views */ = {
			isa = PBXGroup;
			children = (
				90AAC19C27866FEA000110E4 /* FeaturedItem.swift */,
				80EE434927897D1F00D9C6D1 /* TabbedFeaturedItems.swift */,
				80EE434B27897ECD00D9C6D1 /* Rotation3DEffectTab.swift */,
			);
			path = Views;
			sourceTree = "<group>";
		};
/* End PBXGroup section */

/* Begin PBXNativeTarget section */
		8006948E277C3CFF001458F2 /* swiftui-dictionary */ = {
			isa = PBXNativeTarget;
			buildConfigurationList = 8006949D277C3D02001458F2 /* Build configuration list for PBXNativeTarget "swiftui-dictionary" */;
			buildPhases = (
				8006948B277C3CFF001458F2 /* Sources */,
				8006948C277C3CFF001458F2 /* Frameworks */,
				8006948D277C3CFF001458F2 /* Resources */,
			);
			buildRules = (
			);
			dependencies = (
			);
			name = "swiftui-dictionary";
			productName = "swiftui-dictionary";
			productReference = 8006948F277C3CFF001458F2 /* swiftui-dictionary.app */;
			productType = "com.apple.product-type.application";
		};
/* End PBXNativeTarget section */

/* Begin PBXProject section */
		80069487277C3CFF001458F2 /* Project object */ = {
			isa = PBXProject;
			attributes = {
				BuildIndependentTargetsInParallel = 1;
				LastSwiftUpdateCheck = 1320;
				LastUpgradeCheck = 1320;
				TargetAttributes = {
					8006948E277C3CFF001458F2 = {
						CreatedOnToolsVersion = 13.2.1;
					};
				};
			};
			buildConfigurationList = 8006948A277C3CFF001458F2 /* Build configuration list for PBXProject "swiftui-dictionary" */;
			compatibilityVersion = "Xcode 13.0";
			developmentRegion = en;
			hasScannedForEncodings = 0;
			knownRegions = (
				en,
				Base,
			);
			mainGroup = 80069486277C3CFF001458F2;
			productRefGroup = 80069490277C3CFF001458F2 /* Products */;
			projectDirPath = "";
			projectRoot = "";
			targets = (
				8006948E277C3CFF001458F2 /* swiftui-dictionary */,
			);
		};
/* End PBXProject section */

/* Begin PBXResourcesBuildPhase section */
		8006948D277C3CFF001458F2 /* Resources */ = {
			isa = PBXResourcesBuildPhase;
			buildActionMask = 2147483647;
			files = (
				8006949A277C3D02001458F2 /* Preview Assets.xcassets in Resources */,
				80069497277C3D02001458F2 /* Assets.xcassets in Resources */,
			);
			runOnlyForDeploymentPostprocessing = 0;
		};
/* End PBXResourcesBuildPhase section */

/* Begin PBXSourcesBuildPhase section */
		8006948B277C3CFF001458F2 /* Sources */ = {
			isa = PBXSourcesBuildPhase;
			buildActionMask = 2147483647;
			files = (
				80F1A534278E99C800FAF56D /* LeaningCardSample.swift in Sources */,
				80F1A53C278EA29000FAF56D /* AnimationUpdateSample.swift in Sources */,
				80F1A538278E9B8600FAF56D /* LeaningStackSample.swift in Sources */,
				80069495277C3CFF001458F2 /* ContentView.swift in Sources */,
				80069493277C3CFF001458F2 /* swiftui_dictionaryApp.swift in Sources */,
				90AAC19B27866F3F000110E4 /* Course.swift in Sources */,
				80EE434A27897D1F00D9C6D1 /* TabbedFeaturedItems.swift in Sources */,
				80EE43412782E73D00D9C6D1 /* TrackableScrollViewSample.swift in Sources */,
				800694A7277C4C83001458F2 /* NestedViewPreferenceSample.swift in Sources */,
				800694A3277C4AC9001458F2 /* GeometryPreferenceSample.swift in Sources */,
				90AAC19D27866FEA000110E4 /* FeaturedItem.swift in Sources */,
				80EE4358278AC50E00D9C6D1 /* DashedLineSample.swift in Sources */,
				80EE43542789933600D9C6D1 /* SetPositionToCenterExample.swift in Sources */,
				80EE434F2789869B00D9C6D1 /* DragGestureBasic.swift in Sources */,
				80F1A53A278E9E3300FAF56D /* StackCardsAnimationSample.swift in Sources */,
				80EE434C27897ECD00D9C6D1 /* Rotation3DEffectTab.swift in Sources */,
				800694A1277C3F31001458F2 /* SyncColumnWidthSample.swift in Sources */,
				800694A5277C4BB2001458F2 /* AnchorPreferenceSample.swift in Sources */,
				80EE43452782EA5000D9C6D1 /* AccountBackground.swift in Sources */,
				80EE4356278A9F2900D9C6D1 /* PositionChangeExample.swift in Sources */,
				80F1A532278E919F00FAF56D /* StackLayoutSample.swift in Sources */,
				80F1A53E278EB03F00FAF56D /* StackCardsAnimationAndDragGestureSample.swift in Sources */,
				80EE43432782E75100D9C6D1 /* VisualEffectBlur.swift in Sources */,
				80EE435127898D9B00D9C6D1 /* DragGestureAutoPositionChange.swift in Sources */,
			);
			runOnlyForDeploymentPostprocessing = 0;
		};
/* End PBXSourcesBuildPhase section */

/* Begin XCBuildConfiguration section */
		8006949B277C3D02001458F2 /* Debug */ = {
			isa = XCBuildConfiguration;
			buildSettings = {
				ALWAYS_SEARCH_USER_PATHS = NO;
				CLANG_ANALYZER_NONNULL = YES;
				CLANG_ANALYZER_NUMBER_OBJECT_CONVERSION = YES_AGGRESSIVE;
				CLANG_CXX_LANGUAGE_STANDARD = "gnu++17";
				CLANG_CXX_LIBRARY = "libc++";
				CLANG_ENABLE_MODULES = YES;
				CLANG_ENABLE_OBJC_ARC = YES;
				CLANG_ENABLE_OBJC_WEAK = YES;
				CLANG_WARN_BLOCK_CAPTURE_AUTORELEASING = YES;
				CLANG_WARN_BOOL_CONVERSION = YES;
				CLANG_WARN_COMMA = YES;
				CLANG_WARN_CONSTANT_CONVERSION = YES;
				CLANG_WARN_DEPRECATED_OBJC_IMPLEMENTATIONS = YES;
				CLANG_WARN_DIRECT_OBJC_ISA_USAGE = YES_ERROR;
				CLANG_WARN_DOCUMENTATION_COMMENTS = YES;
				CLANG_WARN_EMPTY_BODY = YES;
				CLANG_WARN_ENUM_CONVERSION = YES;
				CLANG_WARN_INFINITE_RECURSION = YES;
				CLANG_WARN_INT_CONVERSION = YES;
				CLANG_WARN_NON_LITERAL_NULL_CONVERSION = YES;
				CLANG_WARN_OBJC_IMPLICIT_RETAIN_SELF = YES;
				CLANG_WARN_OBJC_LITERAL_CONVERSION = YES;
				CLANG_WARN_OBJC_ROOT_CLASS = YES_ERROR;
				CLANG_WARN_QUOTED_INCLUDE_IN_FRAMEWORK_HEADER = YES;
				CLANG_WARN_RANGE_LOOP_ANALYSIS = YES;
				CLANG_WARN_STRICT_PROTOTYPES = YES;
				CLANG_WARN_SUSPICIOUS_MOVE = YES;
				CLANG_WARN_UNGUARDED_AVAILABILITY = YES_AGGRESSIVE;
				CLANG_WARN_UNREACHABLE_CODE = YES;
				CLANG_WARN__DUPLICATE_METHOD_MATCH = YES;
				COPY_PHASE_STRIP = NO;
				DEBUG_INFORMATION_FORMAT = dwarf;
				ENABLE_STRICT_OBJC_MSGSEND = YES;
				ENABLE_TESTABILITY = YES;
				GCC_C_LANGUAGE_STANDARD = gnu11;
				GCC_DYNAMIC_NO_PIC = NO;
				GCC_NO_COMMON_BLOCKS = YES;
				GCC_OPTIMIZATION_LEVEL = 0;
				GCC_PREPROCESSOR_DEFINITIONS = (
					"DEBUG=1",
					"$(inherited)",
				);
				GCC_WARN_64_TO_32_BIT_CONVERSION = YES;
				GCC_WARN_ABOUT_RETURN_TYPE = YES_ERROR;
				GCC_WARN_UNDECLARED_SELECTOR = YES;
				GCC_WARN_UNINITIALIZED_AUTOS = YES_AGGRESSIVE;
				GCC_WARN_UNUSED_FUNCTION = YES;
				GCC_WARN_UNUSED_VARIABLE = YES;
				IPHONEOS_DEPLOYMENT_TARGET = 15.2;
				MTL_ENABLE_DEBUG_INFO = INCLUDE_SOURCE;
				MTL_FAST_MATH = YES;
				ONLY_ACTIVE_ARCH = YES;
				SDKROOT = iphoneos;
				SWIFT_ACTIVE_COMPILATION_CONDITIONS = DEBUG;
				SWIFT_OPTIMIZATION_LEVEL = "-Onone";
			};
			name = Debug;
		};
		8006949C277C3D02001458F2 /* Release */ = {
			isa = XCBuildConfiguration;
			buildSettings = {
				ALWAYS_SEARCH_USER_PATHS = NO;
				CLANG_ANALYZER_NONNULL = YES;
				CLANG_ANALYZER_NUMBER_OBJECT_CONVERSION = YES_AGGRESSIVE;
				CLANG_CXX_LANGUAGE_STANDARD = "gnu++17";
				CLANG_CXX_LIBRARY = "libc++";
				CLANG_ENABLE_MODULES = YES;
				CLANG_ENABLE_OBJC_ARC = YES;
				CLANG_ENABLE_OBJC_WEAK = YES;
				CLANG_WARN_BLOCK_CAPTURE_AUTORELEASING = YES;
				CLANG_WARN_BOOL_CONVERSION = YES;
				CLANG_WARN_COMMA = YES;
				CLANG_WARN_CONSTANT_CONVERSION = YES;
				CLANG_WARN_DEPRECATED_OBJC_IMPLEMENTATIONS = YES;
				CLANG_WARN_DIRECT_OBJC_ISA_USAGE = YES_ERROR;
				CLANG_WARN_DOCUMENTATION_COMMENTS = YES;
				CLANG_WARN_EMPTY_BODY = YES;
				CLANG_WARN_ENUM_CONVERSION = YES;
				CLANG_WARN_INFINITE_RECURSION = YES;
				CLANG_WARN_INT_CONVERSION = YES;
				CLANG_WARN_NON_LITERAL_NULL_CONVERSION = YES;
				CLANG_WARN_OBJC_IMPLICIT_RETAIN_SELF = YES;
				CLANG_WARN_OBJC_LITERAL_CONVERSION = YES;
				CLANG_WARN_OBJC_ROOT_CLASS = YES_ERROR;
				CLANG_WARN_QUOTED_INCLUDE_IN_FRAMEWORK_HEADER = YES;
				CLANG_WARN_RANGE_LOOP_ANALYSIS = YES;
				CLANG_WARN_STRICT_PROTOTYPES = YES;
				CLANG_WARN_SUSPICIOUS_MOVE = YES;
				CLANG_WARN_UNGUARDED_AVAILABILITY = YES_AGGRESSIVE;
				CLANG_WARN_UNREACHABLE_CODE = YES;
				CLANG_WARN__DUPLICATE_METHOD_MATCH = YES;
				COPY_PHASE_STRIP = NO;
				DEBUG_INFORMATION_FORMAT = "dwarf-with-dsym";
				ENABLE_NS_ASSERTIONS = NO;
				ENABLE_STRICT_OBJC_MSGSEND = YES;
				GCC_C_LANGUAGE_STANDARD = gnu11;
				GCC_NO_COMMON_BLOCKS = YES;
				GCC_WARN_64_TO_32_BIT_CONVERSION = YES;
				GCC_WARN_ABOUT_RETURN_TYPE = YES_ERROR;
				GCC_WARN_UNDECLARED_SELECTOR = YES;
				GCC_WARN_UNINITIALIZED_AUTOS = YES_AGGRESSIVE;
				GCC_WARN_UNUSED_FUNCTION = YES;
				GCC_WARN_UNUSED_VARIABLE = YES;
				IPHONEOS_DEPLOYMENT_TARGET = 15.2;
				MTL_ENABLE_DEBUG_INFO = NO;
				MTL_FAST_MATH = YES;
				SDKROOT = iphoneos;
				SWIFT_COMPILATION_MODE = wholemodule;
				SWIFT_OPTIMIZATION_LEVEL = "-O";
				VALIDATE_PRODUCT = YES;
			};
			name = Release;
		};
		8006949E277C3D02001458F2 /* Debug */ = {
			isa = XCBuildConfiguration;
			buildSettings = {
				ASSETCATALOG_COMPILER_APPICON_NAME = AppIcon;
				ASSETCATALOG_COMPILER_GLOBAL_ACCENT_COLOR_NAME = AccentColor;
				CODE_SIGN_STYLE = Automatic;
				CURRENT_PROJECT_VERSION = 1;
				DEVELOPMENT_ASSET_PATHS = "\"swiftui-dictionary/Preview Content\"";
				ENABLE_PREVIEWS = YES;
				GENERATE_INFOPLIST_FILE = YES;
				INFOPLIST_KEY_UIApplicationSceneManifest_Generation = YES;
				INFOPLIST_KEY_UIApplicationSupportsIndirectInputEvents = YES;
				INFOPLIST_KEY_UILaunchScreen_Generation = YES;
				INFOPLIST_KEY_UISupportedInterfaceOrientations_iPad = "UIInterfaceOrientationPortrait UIInterfaceOrientationPortraitUpsideDown UIInterfaceOrientationLandscapeLeft UIInterfaceOrientationLandscapeRight";
				INFOPLIST_KEY_UISupportedInterfaceOrientations_iPhone = "UIInterfaceOrientationPortrait UIInterfaceOrientationLandscapeLeft UIInterfaceOrientationLandscapeRight";
				LD_RUNPATH_SEARCH_PATHS = (
					"$(inherited)",
					"@executable_path/Frameworks",
				);
				MARKETING_VERSION = 1.0;
				PRODUCT_BUNDLE_IDENTIFIER = "com.swiftui.dictionary.swiftui-dictionary";
				PRODUCT_NAME = "$(TARGET_NAME)";
				SWIFT_EMIT_LOC_STRINGS = YES;
				SWIFT_VERSION = 5.0;
				TARGETED_DEVICE_FAMILY = "1,2";
			};
			name = Debug;
		};
		8006949F277C3D02001458F2 /* Release */ = {
			isa = XCBuildConfiguration;
			buildSettings = {
				ASSETCATALOG_COMPILER_APPICON_NAME = AppIcon;
				ASSETCATALOG_COMPILER_GLOBAL_ACCENT_COLOR_NAME = AccentColor;
				CODE_SIGN_STYLE = Automatic;
				CURRENT_PROJECT_VERSION = 1;
				DEVELOPMENT_ASSET_PATHS = "\"swiftui-dictionary/Preview Content\"";
				ENABLE_PREVIEWS = YES;
				GENERATE_INFOPLIST_FILE = YES;
				INFOPLIST_KEY_UIApplicationSceneManifest_Generation = YES;
				INFOPLIST_KEY_UIApplicationSupportsIndirectInputEvents = YES;
				INFOPLIST_KEY_UILaunchScreen_Generation = YES;
				INFOPLIST_KEY_UISupportedInterfaceOrientations_iPad = "UIInterfaceOrientationPortrait UIInterfaceOrientationPortraitUpsideDown UIInterfaceOrientationLandscapeLeft UIInterfaceOrientationLandscapeRight";
				INFOPLIST_KEY_UISupportedInterfaceOrientations_iPhone = "UIInterfaceOrientationPortrait UIInterfaceOrientationLandscapeLeft UIInterfaceOrientationLandscapeRight";
				LD_RUNPATH_SEARCH_PATHS = (
					"$(inherited)",
					"@executable_path/Frameworks",
				);
				MARKETING_VERSION = 1.0;
				PRODUCT_BUNDLE_IDENTIFIER = "com.swiftui.dictionary.swiftui-dictionary";
				PRODUCT_NAME = "$(TARGET_NAME)";
				SWIFT_EMIT_LOC_STRINGS = YES;
				SWIFT_VERSION = 5.0;
				TARGETED_DEVICE_FAMILY = "1,2";
			};
			name = Release;
		};
/* End XCBuildConfiguration section */

/* Begin XCConfigurationList section */
		8006948A277C3CFF001458F2 /* Build configuration list for PBXProject "swiftui-dictionary" */ = {
			isa = XCConfigurationList;
			buildConfigurations = (
				8006949B277C3D02001458F2 /* Debug */,
				8006949C277C3D02001458F2 /* Release */,
			);
			defaultConfigurationIsVisible = 0;
			defaultConfigurationName = Release;
		};
		8006949D277C3D02001458F2 /* Build configuration list for PBXNativeTarget "swiftui-dictionary" */ = {
			isa = XCConfigurationList;
			buildConfigurations = (
				8006949E277C3D02001458F2 /* Debug */,
				8006949F277C3D02001458F2 /* Release */,
			);
			defaultConfigurationIsVisible = 0;
			defaultConfigurationName = Release;
		};
/* End XCConfigurationList section */
	};
	rootObject = 80069487277C3CFF001458F2 /* Project object */;
}
